
Microsoft Visual Studio Solution File, Format Version 12.00
# Visual Studio Version 17
VisualStudioVersion = 17.11.35208.52
MinimumVisualStudioVersion = 10.0.40219.1
Project("{9A19103F-16F7-4668-BE54-9A1E7A4F7556}") = "CodeGenLecture", "CodeGenLecture\CodeGenLecture.csproj", "{F9A27560-15FD-4319-9E44-B0E477EBEBEA}"
EndProject
Project("{9A19103F-16F7-4668-BE54-9A1E7A4F7556}") = "ExampleSnippets", "ExampleSnippets\ExampleSnippets.csproj", "{54EF00BE-2E9E-4C65-AE64-3DEA38D492BE}"
EndProject
Project("{9A19103F-16F7-4668-BE54-9A1E7A4F7556}") = "FileOutputExample", "FileOutputExample\FileOutputExample.csproj", "{947FCF33-8C74-4493-88C4-983DD749970A}"
EndProject
Project("{9A19103F-16F7-4668-BE54-9A1E7A4F7556}") = "SourceGenerator", "SourceGenerator\SourceGenerator.csproj", "{D01BD42D-22CF-4C04-A6A2-FCA2540D42F0}"
EndProject
Project("{9A19103F-16F7-4668-BE54-9A1E7A4F7556}") = "SourceGeneratorConsumer", "SourceGeneratorConsumer\SourceGeneratorConsumer.csproj", "{674FCFDB-DC67-4023-BB6B-B3A6559660B1}"
EndProject
Global
	GlobalSection(SolutionConfigurationPlatforms) = preSolution
		Debug|Any CPU = Debug|Any CPU
		Release|Any CPU = Release|Any CPU
	EndGlobalSection
	GlobalSection(ProjectConfigurationPlatforms) = postSolution
		{F9A27560-15FD-4319-9E44-B0E477EBEBEA}.Debug|Any CPU.ActiveCfg = Debug|Any CPU
		{F9A27560-15FD-4319-9E44-B0E477EBEBEA}.Debug|Any CPU.Build.0 = Debug|Any CPU
		{F9A27560-15FD-4319-9E44-B0E477EBEBEA}.Release|Any CPU.ActiveCfg = Release|Any CPU
		{F9A27560-15FD-4319-9E44-B0E477EBEBEA}.Release|Any CPU.Build.0 = Release|Any CPU
		{54EF00BE-2E9E-4C65-AE64-3DEA38D492BE}.Debug|Any CPU.ActiveCfg = Debug|Any CPU
		{54EF00BE-2E9E-4C65-AE64-3DEA38D492BE}.Debug|Any CPU.Build.0 = Debug|Any CPU
		{54EF00BE-2E9E-4C65-AE64-3DEA38D492BE}.Release|Any CPU.ActiveCfg = Release|Any CPU
		{54EF00BE-2E9E-4C65-AE64-3DEA38D492BE}.Release|Any CPU.Build.0 = Release|Any CPU
		{947FCF33-8C74-4493-88C4-983DD749970A}.Debug|Any CPU.ActiveCfg = Debug|Any CPU
		{947FCF33-8C74-4493-88C4-983DD749970A}.Debug|Any CPU.Build.0 = Debug|Any CPU
		{947FCF33-8C74-4493-88C4-983DD749970A}.Release|Any CPU.ActiveCfg = Release|Any CPU
		{947FCF33-8C74-4493-88C4-983DD749970A}.Release|Any CPU.Build.0 = Release|Any CPU
		{D01BD42D-22CF-4C04-A6A2-FCA2540D42F0}.Debug|Any CPU.ActiveCfg = Debug|Any CPU
		{D01BD42D-22CF-4C04-A6A2-FCA2540D42F0}.Debug|Any CPU.Build.0 = Debug|Any CPU
		{D01BD42D-22CF-4C04-A6A2-FCA2540D42F0}.Release|Any CPU.ActiveCfg = Release|Any CPU
		{D01BD42D-22CF-4C04-A6A2-FCA2540D42F0}.Release|Any CPU.Build.0 = Release|Any CPU
		{674FCFDB-DC67-4023-BB6B-B3A6559660B1}.Debug|Any CPU.ActiveCfg = Debug|Any CPU
		{674FCFDB-DC67-4023-BB6B-B3A6559660B1}.Debug|Any CPU.Build.0 = Debug|Any CPU
		{674FCFDB-DC67-4023-BB6B-B3A6559660B1}.Release|Any CPU.ActiveCfg = Release|Any CPU
		{674FCFDB-DC67-4023-BB6B-B3A6559660B1}.Release|Any CPU.Build.0 = Release|Any CPU
	EndGlobalSection
	GlobalSection(SolutionProperties) = preSolution
		HideSolutionNode = FALSE
	EndGlobalSection
	GlobalSection(ExtensibilityGlobals) = postSolution
		SolutionGuid = {7408752C-564A-4770-A622-B15C36A14CA2}
	EndGlobalSection
EndGlobal
